<?xml version="1.0" encoding="utf-8"?>
<Project ToolsVersion="4.0" xmlns="http://schemas.microsoft.com/developer/msbuild/2003">
  <ItemGroup>
    <Filter Include="源文件">
      <UniqueIdentifier>{4FC737F1-C7A5-4376-A066-2A32D752A2FF}</UniqueIdentifier>
      <Extensions>cpp;c;cc;cxx;def;odl;idl;hpj;bat;asm;asmx</Extensions>
    </Filter>
    <Filter Include="头文件">
      <UniqueIdentifier>{93995380-89BD-4b04-88EB-625FBE52EBFB}</UniqueIdentifier>
      <Extensions>h;hh;hpp;hxx;hm;inl;inc;ipp;xsd</Extensions>
    </Filter>
    <Filter Include="资源文件">
      <UniqueIdentifier>{67DA6AB6-F800-4c08-8B7A-83BB121AAD01}</UniqueIdentifier>
      <Extensions>rc;ico;cur;bmp;dlg;rc2;rct;bin;rgs;gif;jpg;jpeg;jpe;resx;tiff;tif;png;wav;mfcribbon-ms</Extensions>
    </Filter>
  </ItemGroup>
  <ItemGroup>
    <ClCompile Include="arrFun.cpp">
      <Filter>源文件</Filter>
    </ClCompile>
    <ClCompile Include="strgfun.cpp">
      <Filter>源文件</Filter>
    </ClCompile>
    <ClCompile Include="strgbak.cpp">
      <Filter>源文件</Filter>
    </ClCompile>
    <ClCompile Include="travel.cpp">
      <Filter>源文件</Filter>
    </ClCompile>
    <ClCompile Include="structfun.cpp">
      <Filter>源文件</Filter>
    </ClCompile>
    <ClCompile Include="structptr.cpp">
      <Filter>源文件</Filter>
    </ClCompile>
    <ClCompile Include="topfive.cpp">
      <Filter>源文件</Filter>
    </ClCompile>
    <ClCompile Include="arrobj.cpp">
      <Filter>源文件</Filter>
    </ClCompile>
    <ClCompile Include="recur.cpp">
      <Filter>源文件</Filter>
    </ClCompile>
    <ClCompile Include="ruler.cpp">
      <Filter>源文件</Filter>
    </ClCompile>
    <ClCompile Include="fun_ptr.cpp">
      <Filter>源文件</Filter>
    </ClCompile>
    <ClCompile Include="7.3.cpp">
      <Filter>源文件</Filter>
    </ClCompile>
    <ClCompile Include="7.4.cpp">
      <Filter>源文件</Filter>
    </ClCompile>
    <ClCompile Include="7.5.cpp">
      <Filter>源文件</Filter>
    </ClCompile>
    <ClCompile Include="7.8.cpp">
      <Filter>源文件</Filter>
    </ClCompile>
    <ClCompile Include="7.12.cpp">
      <Filter>源文件</Filter>
    </ClCompile>
    <ClCompile Include="Ex7.1.cpp">
      <Filter>源文件</Filter>
    </ClCompile>
    <ClCompile Include="Ex7.2.cpp">
      <Filter>源文件</Filter>
    </ClCompile>
    <ClCompile Include="Ex7.3.cpp">
      <Filter>源文件</Filter>
    </ClCompile>
    <ClCompile Include="Ex7.4.cpp">
      <Filter>源文件</Filter>
    </ClCompile>
    <ClCompile Include="Ex7.5.cpp">
      <Filter>源文件</Filter>
    </ClCompile>
    <ClCompile Include="Ex7.6.cpp">
      <Filter>源文件</Filter>
    </ClCompile>
    <ClCompile Include="Ex7.7.cpp">
      <Filter>源文件</Filter>
    </ClCompile>
    <ClCompile Include="Ex7.8.cpp">
      <Filter>源文件</Filter>
    </ClCompile>
    <ClCompile Include="Ex7.9.cpp">
      <Filter>源文件</Filter>
    </ClCompile>
    <ClCompile Include="Ex7.10.cpp">
      <Filter>源文件</Filter>
    </ClCompile>
    <ClCompile Include="inline.cpp">
      <Filter>源文件</Filter>
    </ClCompile>
    <ClCompile Include="firstref.cpp">
      <Filter>源文件</Filter>
    </ClCompile>
    <ClCompile Include="swaps.cpp">
      <Filter>源文件</Filter>
    </ClCompile>
    <ClCompile Include="strc_ref.cpp">
      <Filter>源文件</Filter>
    </ClCompile>
    <ClCompile Include="filefunc.cpp">
      <Filter>源文件</Filter>
    </ClCompile>
    <ClCompile Include="left.cpp">
      <Filter>源文件</Filter>
    </ClCompile>
    <ClCompile Include="funtemp.cpp">
      <Filter>源文件</Filter>
    </ClCompile>
    <ClCompile Include="twoswap.cpp">
      <Filter>源文件</Filter>
    </ClCompile>
    <ClCompile Include="tempover.cpp">
      <Filter>源文件</Filter>
    </ClCompile>
    <ClCompile Include="Ex8.1.cpp">
      <Filter>源文件</Filter>
    </ClCompile>
    <ClCompile Include="Ex8.2.cpp">
      <Filter>源文件</Filter>
    </ClCompile>
    <ClCompile Include="Ex8.3.cpp">
      <Filter>源文件</Filter>
    </ClCompile>
    <ClCompile Include="Ex8.4.cpp">
      <Filter>源文件</Filter>
    </ClCompile>
    <ClCompile Include="Ex8.5.cpp">
      <Filter>源文件</Filter>
    </ClCompile>
    <ClCompile Include="Ex8.7.cpp">
      <Filter>源文件</Filter>
    </ClCompile>
    <ClCompile Include="autoscp.cpp">
      <Filter>源文件</Filter>
    </ClCompile>
    <ClCompile Include="external.cpp">
      <Filter>源文件</Filter>
    </ClCompile>
    <ClCompile Include="support.cpp">
      <Filter>源文件</Filter>
    </ClCompile>
    <ClCompile Include="twofile1.cpp">
      <Filter>源文件</Filter>
    </ClCompile>
    <ClCompile Include="twofile2.cpp">
      <Filter>源文件</Filter>
    </ClCompile>
    <ClCompile Include="static.cpp">
      <Filter>源文件</Filter>
    </ClCompile>
    <ClCompile Include="newplace.cpp">
      <Filter>源文件</Filter>
    </ClCompile>
    <ClCompile Include="namesp.cpp">
      <Filter>源文件</Filter>
    </ClCompile>
    <ClCompile Include="namessp.cpp">
      <Filter>源文件</Filter>
    </ClCompile>
    <ClCompile Include="Ex9.1golf.cpp">
      <Filter>源文件</Filter>
    </ClCompile>
    <ClCompile Include="Ex9.1main.cpp">
      <Filter>源文件</Filter>
    </ClCompile>
    <ClCompile Include="Ex9.3.cpp">
      <Filter>源文件</Filter>
    </ClCompile>
    <ClCompile Include="Ex9.4sales.cpp">
      <Filter>源文件</Filter>
    </ClCompile>
    <ClCompile Include="Ex9.4main.cpp">
      <Filter>源文件</Filter>
    </ClCompile>
    <ClCompile Include="10.4stock10.cpp">
      <Filter>源文件</Filter>
    </ClCompile>
    <ClCompile Include="10.6usestock2.cpp">
      <Filter>源文件</Filter>
    </ClCompile>
    <ClCompile Include="10.10stack.cpp">
      <Filter>源文件</Filter>
    </ClCompile>
    <ClCompile Include="10.10stacker.cpp">
      <Filter>源文件</Filter>
    </ClCompile>
    <ClCompile Include="Ex10.1account.cpp">
      <Filter>源文件</Filter>
    </ClCompile>
    <ClCompile Include="Ex10.1useAccount.cpp">
      <Filter>源文件</Filter>
    </ClCompile>
    <ClCompile Include="Ex10.2person.cpp">
      <Filter>源文件</Filter>
    </ClCompile>
    <ClCompile Include="Ex10.2usePerson.cpp">
      <Filter>源文件</Filter>
    </ClCompile>
    <ClCompile Include="Ex10.5stack.cpp">
      <Filter>源文件</Filter>
    </ClCompile>
    <ClCompile Include="Ex10.5main.cpp">
      <Filter>源文件</Filter>
    </ClCompile>
    <ClCompile Include="Ex10.6move.cpp">
      <Filter>源文件</Filter>
    </ClCompile>
    <ClCompile Include="Ex10.6main.cpp">
      <Filter>源文件</Filter>
    </ClCompile>
    <ClCompile Include="Ex10.7plorg.cpp">
      <Filter>源文件</Filter>
    </ClCompile>
    <ClCompile Include="Ex10.7main.cpp">
      <Filter>源文件</Filter>
    </ClCompile>
    <ClCompile Include="Ex10.8list.cpp">
      <Filter>源文件</Filter>
    </ClCompile>
    <ClCompile Include="Ex10.8main.cpp">
      <Filter>源文件</Filter>
    </ClCompile>
    <ClCompile Include="11.1mytime0.cpp">
      <Filter>源文件</Filter>
    </ClCompile>
    <ClCompile Include="11.1usetime0.cpp">
      <Filter>源文件</Filter>
    </ClCompile>
    <ClCompile Include="11.13vector.cpp">
      <Filter>源文件</Filter>
    </ClCompile>
    <ClCompile Include="11.15randwalk.cpp">
      <Filter>源文件</Filter>
    </ClCompile>
    <ClCompile Include="11.17stonewt.cpp">
      <Filter>源文件</Filter>
    </ClCompile>
    <ClCompile Include="Ex11.7complex.cpp">
      <Filter>源文件</Filter>
    </ClCompile>
    <ClCompile Include="Ex11.7main.cpp">
      <Filter>源文件</Filter>
    </ClCompile>
    <ClCompile Include="12.2strngbad.cpp">
      <Filter>源文件</Filter>
    </ClCompile>
    <ClCompile Include="12.3vegnews.cpp">
      <Filter>源文件</Filter>
    </ClCompile>
    <ClCompile Include="12.5string.cpp">
      <Filter>源文件</Filter>
    </ClCompile>
    <ClCompile Include="12.6saying.cpp">
      <Filter>源文件</Filter>
    </ClCompile>
    <ClCompile Include="12.8placenew1.cpp">
      <Filter>源文件</Filter>
    </ClCompile>
    <ClCompile Include="12.9placenew2.cpp">
      <Filter>源文件</Filter>
    </ClCompile>
    <ClCompile Include="12.11queue.cpp">
      <Filter>源文件</Filter>
    </ClCompile>
    <ClCompile Include="12.12bank.cpp">
      <Filter>源文件</Filter>
    </ClCompile>
    <ClCompile Include="Ex12.1.cpp">
      <Filter>源文件</Filter>
    </ClCompile>
    <ClCompile Include="Ex12.1main.cpp">
      <Filter>源文件</Filter>
    </ClCompile>
    <ClCompile Include="Ex12.2main.cpp">
      <Filter>源文件</Filter>
    </ClCompile>
    <ClCompile Include="13.2tabtenn0.cpp">
      <Filter>源文件</Filter>
    </ClCompile>
    <ClCompile Include="13.3usett0.cpp">
      <Filter>源文件</Filter>
    </ClCompile>
    <ClCompile Include="13.8brass.cpp">
      <Filter>源文件</Filter>
    </ClCompile>
    <ClCompile Include="13.9usebrass1.cpp">
      <Filter>源文件</Filter>
    </ClCompile>
    <ClCompile Include="13.10usebrass2.cpp">
      <Filter>源文件</Filter>
    </ClCompile>
    <ClCompile Include="13.12acctABC.cpp">
      <Filter>源文件</Filter>
    </ClCompile>
    <ClCompile Include="usebrass3.cpp">
      <Filter>源文件</Filter>
    </ClCompile>
    <ClCompile Include="13.15dma.cpp">
      <Filter>源文件</Filter>
    </ClCompile>
    <ClCompile Include="13.16usedma.cpp">
      <Filter>源文件</Filter>
    </ClCompile>
    <ClCompile Include="Ex13.1cd.cpp">
      <Filter>源文件</Filter>
    </ClCompile>
    <ClCompile Include="Ex13.1main.cpp">
      <Filter>源文件</Filter>
    </ClCompile>
    <ClCompile Include="Ex13.3dma.cpp">
      <Filter>源文件</Filter>
    </ClCompile>
    <ClCompile Include="Ex13.3main.cpp">
      <Filter>源文件</Filter>
    </ClCompile>
    <ClCompile Include="Ex13.4port.cpp">
      <Filter>源文件</Filter>
    </ClCompile>
    <ClCompile Include="Ex13.4main.cpp">
      <Filter>源文件</Filter>
    </ClCompile>
    <ClCompile Include="14.2student.cpp">
      <Filter>源文件</Filter>
    </ClCompile>
    <ClCompile Include="14.3use_stuc.cpp">
      <Filter>源文件</Filter>
    </ClCompile>
    <ClCompile Include="14.8worker0.cpp">
      <Filter>源文件</Filter>
    </ClCompile>
    <ClCompile Include="14.9worktest.cpp">
      <Filter>源文件</Filter>
    </ClCompile>
    <ClCompile Include="16.1str1.cpp">
      <Filter>源文件</Filter>
    </ClCompile>
    <ClCompile Include="16.2strfile.cpp">
      <Filter>源文件</Filter>
    </ClCompile>
    <ClCompile Include="16.3hangman.cpp">
      <Filter>源文件</Filter>
    </ClCompile>
    <ClCompile Include="16.4str2.cpp">
      <Filter>源文件</Filter>
    </ClCompile>
    <ClCompile Include="16.5smrtptrs.cpp">
      <Filter>源文件</Filter>
    </ClCompile>
    <ClCompile Include="16.7vect1.cpp">
      <Filter>源文件</Filter>
    </ClCompile>
    <ClCompile Include="16.8vect2.cpp">
      <Filter>源文件</Filter>
    </ClCompile>
    <ClCompile Include="16.9vect3.cpp">
      <Filter>源文件</Filter>
    </ClCompile>
    <ClCompile Include="16.10copyit.cpp">
      <Filter>源文件</Filter>
    </ClCompile>
    <ClCompile Include="16.12list.cpp">
      <Filter>源文件</Filter>
    </ClCompile>
    <ClCompile Include="16.13setops.cpp">
      <Filter>源文件</Filter>
    </ClCompile>
    <ClCompile Include="16.19usealgo.cpp">
      <Filter>源文件</Filter>
    </ClCompile>
    <ClCompile Include="16.20valvect.cpp">
      <Filter>源文件</Filter>
    </ClCompile>
    <ClCompile Include="16.21vslice.cpp">
      <Filter>源文件</Filter>
    </ClCompile>
    <ClCompile Include="Ex16test.cpp">
      <Filter>源文件</Filter>
    </ClCompile>
    <ClCompile Include="Ex16.1.cpp">
      <Filter>源文件</Filter>
    </ClCompile>
    <ClCompile Include="Ex16.4.cpp">
      <Filter>源文件</Filter>
    </ClCompile>
    <ClCompile Include="Ex16.6.cpp">
      <Filter>源文件</Filter>
    </ClCompile>
    <ClCompile Include="Ex16.7.cpp">
      <Filter>源文件</Filter>
    </ClCompile>
    <ClCompile Include="Ex16.8.cpp">
      <Filter>源文件</Filter>
    </ClCompile>
    <ClCompile Include="Ex16.9.cpp">
      <Filter>源文件</Filter>
    </ClCompile>
    <ClCompile Include="Ex16.10.cpp">
      <Filter>源文件</Filter>
    </ClCompile>
    <ClCompile Include="17.1.cpp">
      <Filter>源文件</Filter>
    </ClCompile>
    <ClCompile Include="17.3.cpp">
      <Filter>源文件</Filter>
    </ClCompile>
    <ClCompile Include="17.4.cpp">
      <Filter>源文件</Filter>
    </ClCompile>
    <ClCompile Include="17.10.cpp">
      <Filter>源文件</Filter>
    </ClCompile>
    <ClCompile Include="17.16.cpp">
      <Filter>源文件</Filter>
    </ClCompile>
    <ClCompile Include="17.17.cpp">
      <Filter>源文件</Filter>
    </ClCompile>
    <ClCompile Include="Ex17.1.cpp">
      <Filter>源文件</Filter>
    </ClCompile>
    <ClCompile Include="Ex17.2.cpp">
      <Filter>源文件</Filter>
    </ClCompile>
    <ClCompile Include="Ex17.3.cpp">
      <Filter>源文件</Filter>
    </ClCompile>
    <ClCompile Include="Ex17.4.cpp">
      <Filter>源文件</Filter>
    </ClCompile>
    <ClCompile Include="Ex17.5.cpp">
      <Filter>源文件</Filter>
    </ClCompile>
    <ClCompile Include="Ex17.6.cpp">
      <Filter>源文件</Filter>
    </ClCompile>
    <ClCompile Include="Ex17.6emp.cpp">
      <Filter>源文件</Filter>
    </ClCompile>
    <ClCompile Include="Ex17.7.cpp">
      <Filter>源文件</Filter>
    </ClCompile>
    <ClCompile Include="18.1.cpp">
      <Filter>源文件</Filter>
    </ClCompile>
    <ClCompile Include="test.cpp">
      <Filter>源文件</Filter>
    </ClCompile>
  </ItemGroup>
  <ItemGroup>
    <ClInclude Include="namesp.h">
      <Filter>源文件</Filter>
    </ClInclude>
    <ClInclude Include="Ex9.1golf.h">
      <Filter>源文件</Filter>
    </ClInclude>
    <ClInclude Include="Ex9.4sales.h">
      <Filter>源文件</Filter>
    </ClInclude>
    <ClInclude Include="10.4stock10.h">
      <Filter>源文件</Filter>
    </ClInclude>
    <ClInclude Include="10.10stack.h">
      <Filter>源文件</Filter>
    </ClInclude>
    <ClInclude Include="Ex10.1account.h">
      <Filter>源文件</Filter>
    </ClInclude>
    <ClInclude Include="Ex10.2person.h">
      <Filter>源文件</Filter>
    </ClInclude>
    <ClInclude Include="Ex10.5stack.h">
      <Filter>源文件</Filter>
    </ClInclude>
    <ClInclude Include="Ex10.6move.h">
      <Filter>源文件</Filter>
    </ClInclude>
    <ClInclude Include="Ex10.7plorg.h">
      <Filter>源文件</Filter>
    </ClInclude>
    <ClInclude Include="Ex10.8lish.h">
      <Filter>源文件</Filter>
    </ClInclude>
    <ClInclude Include="11.1mytime0.h">
      <Filter>源文件</Filter>
    </ClInclude>
    <ClInclude Include="11.13vector.h">
      <Filter>源文件</Filter>
    </ClInclude>
    <ClInclude Include="11.16stonewt.h">
      <Filter>源文件</Filter>
    </ClInclude>
    <ClInclude Include="Ex11.7complex.h">
      <Filter>源文件</Filter>
    </ClInclude>
    <ClInclude Include="12.1strngbad.h">
      <Filter>源文件</Filter>
    </ClInclude>
    <ClInclude Include="12.4string1.h">
      <Filter>源文件</Filter>
    </ClInclude>
    <ClInclude Include="12.10queue.h">
      <Filter>源文件</Filter>
    </ClInclude>
    <ClInclude Include="Ex12.1.h">
      <Filter>源文件</Filter>
    </ClInclude>
    <ClInclude Include="13.1tabtenn0.h">
      <Filter>源文件</Filter>
    </ClInclude>
    <ClInclude Include="13.7brass.h">
      <Filter>源文件</Filter>
    </ClInclude>
    <ClInclude Include="13.11acctabc.h">
      <Filter>源文件</Filter>
    </ClInclude>
    <ClInclude Include="13.14dma.h">
      <Filter>源文件</Filter>
    </ClInclude>
    <ClInclude Include="Ex13.1cd.h">
      <Filter>源文件</Filter>
    </ClInclude>
    <ClInclude Include="Ex13.3dma.h">
      <Filter>源文件</Filter>
    </ClInclude>
    <ClInclude Include="Ex13.4port.h">
      <Filter>源文件</Filter>
    </ClInclude>
    <ClInclude Include="14.1studentc.h">
      <Filter>源文件</Filter>
    </ClInclude>
    <ClInclude Include="14.7worker0.h">
      <Filter>源文件</Filter>
    </ClInclude>
    <ClInclude Include="Ex17.6emp.h">
      <Filter>源文件</Filter>
    </ClInclude>
  </ItemGroup>
</Project>